
Microsoft Visual Studio Solution File, Format Version 12.00
# Visual Studio 2013
VisualStudioVersion = 12.0.21005.1
MinimumVisualStudioVersion = 10.0.40219.1
Project("{FAE04EC0-301F-11D3-BF4B-00C04F79EFBC}") = "Test", "Test\Test.csproj", "{D7D3F976-C3CF-470B-A6E8-0C38CDFA9782}"
EndProject
Project("{2150E333-8FDC-42A3-9474-1A3956D46DE8}") = ".nuget", ".nuget", "{82EC4321-0AC1-4065-B98A-A47164A0F67F}"
	ProjectSection(SolutionItems) = preProject
		.nuget\packages.config = .nuget\packages.config
	EndProjectSection
EndProject
Global
	GlobalSection(SolutionConfigurationPlatforms) = preSolution
		Debug|Any CPU = Debug|Any CPU
		Release|Any CPU = Release|Any CPU
	EndGlobalSection
	GlobalSection(ProjectConfigurationPlatforms) = postSolution
		{D7D3F976-C3CF-470B-A6E8-0C38CDFA9782}.Debug|Any CPU.ActiveCfg = Debug|Any CPU
		{D7D3F976-C3CF-470B-A6E8-0C38CDFA9782}.Debug|Any CPU.Build.0 = Debug|Any CPU
		{D7D3F976-C3CF-470B-A6E8-0C38CDFA9782}.Release|Any CPU.ActiveCfg = Release|Any CPU
		{D7D3F976-C3CF-470B-A6E8-0C38CDFA9782}.Release|Any CPU.Build.0 = Release|Any CPU
	EndGlobalSection
	GlobalSection(SolutionProperties) = preSolution
		HideSolutionNode = FALSE
	EndGlobalSection
EndGlobal
